
Microsoft Visual Studio Solution File, Format Version 12.00
# Visual Studio Version 16
VisualStudioVersion = 16.0.30204.135
MinimumVisualStudioVersion = 10.0.40219.1
Project("{FAE04EC0-301F-11D3-BF4B-00C04F79EFBC}") = "quanlybanhang", "quanlybanhang.csproj", "{1CB2FF14-7C4F-41F8-8FED-C7AE352C0DB3}"
EndProject
Global
	GlobalSection(SolutionConfigurationPlatforms) = preSolution
		Debug|Any CPU = Debug|Any CPU
		Release|Any CPU = Release|Any CPU
	EndGlobalSection
	GlobalSection(ProjectConfigurationPlatforms) = postSolution
		{1CB2FF14-7C4F-41F8-8FED-C7AE352C0DB3}.Debug|Any CPU.ActiveCfg = Debug|Any CPU
		{1CB2FF14-7C4F-41F8-8FED-C7AE352C0DB3}.Debug|Any CPU.Build.0 = Debug|Any CPU
		{1CB2FF14-7C4F-41F8-8FED-C7AE352C0DB3}.Release|Any CPU.ActiveCfg = Release|Any CPU
		{1CB2FF14-7C4F-41F8-8FED-C7AE352C0DB3}.Release|Any CPU.Build.0 = Release|Any CPU
	EndGlobalSection
	GlobalSection(SolutionProperties) = preSolution
		HideSolutionNode = FALSE
	EndGlobalSection
	GlobalSection(ExtensibilityGlobals) = postSolution
		SolutionGuid = {99830097-FC8D-4F85-AE93-F8389A8038C1}
	EndGlobalSection
EndGlobal
